
Microsoft Visual Studio Solution File, Format Version 12.00
# Visual Studio Version 16
VisualStudioVersion = 16.0.30907.101
MinimumVisualStudioVersion = 10.0.40219.1
Project("{FAE04EC0-301F-11D3-BF4B-00C04F79EFBC}") = "GPLesson1", "GPLesson1\GPLesson1.csproj", "{61A89624-EC25-46D7-B096-5C8D0F3CC48F}"
EndProject
Global
	GlobalSection(SolutionConfigurationPlatforms) = preSolution
		Debug|Any CPU = Debug|Any CPU
		Release|Any CPU = Release|Any CPU
	EndGlobalSection
	GlobalSection(ProjectConfigurationPlatforms) = postSolution
		{61A89624-EC25-46D7-B096-5C8D0F3CC48F}.Debug|Any CPU.ActiveCfg = Debug|Any CPU
		{61A89624-EC25-46D7-B096-5C8D0F3CC48F}.Debug|Any CPU.Build.0 = Debug|Any CPU
		{61A89624-EC25-46D7-B096-5C8D0F3CC48F}.Release|Any CPU.ActiveCfg = Release|Any CPU
		{61A89624-EC25-46D7-B096-5C8D0F3CC48F}.Release|Any CPU.Build.0 = Release|Any CPU
	EndGlobalSection
	GlobalSection(SolutionProperties) = preSolution
		HideSolutionNode = FALSE
	EndGlobalSection
	GlobalSection(ExtensibilityGlobals) = postSolution
		SolutionGuid = {41C9F6C0-D768-4FED-9D5B-7F5A25B5776C}
	EndGlobalSection
EndGlobal
